[[package]]
name = "core_interfaces"
source = "path+from-root-B13D3383E17FE97A"
dependencies = [
    "helpers",
    "signed_int",
    "std",
]

[[package]]
name = "fungible"
source = "member"
dependencies = [
    "fungible_abi",
    "helpers",
    "src20",
    "src3",
    "std",
]

[[package]]
name = "fungible_abi"
source = "path+from-root-A53CDECCD463BB5B"
dependencies = [
    "helpers",
    "std",
]

[[package]]
name = "helpers"
source = "path+from-root-A53CDECCD463BB5B"
dependencies = ["std"]

[[package]]
name = "ownership"
version = "0.26.1"
source = "registry+ownership?0.26.1#QmcmRuXsD2ZaE74nZ5vGxc1QhYJhjQKMwho6ZfkYt1cs6Q!"
dependencies = [
    "src5",
    "std",
]

[[package]]
name = "pausable"
version = "0.26.1"
source = "registry+pausable?0.26.1#QmapdwdUETu3aWXa5xnjdsgqDWhh9WnGkYQcBi7UqfWsrL!"
dependencies = ["std"]

[[package]]
name = "pricefeed_wrapper"
source = "member"
dependencies = [
    "core_interfaces",
    "signed_int",
    "std",
    "stork_sway_sdk",
]

[[package]]
name = "reentrancy"
version = "0.26.1"
source = "registry+reentrancy?0.26.1#QmSgL8w74XSe54aQH7ySQUA2Bc3abTNnN15jVrynRJrFRE!"
dependencies = ["std"]

[[package]]
name = "signed_int"
version = "0.26.1"
source = "registry+signed_int?0.26.1#QmWB8r7jN9bE1sVUJzQoTCbsTXyL6qB55mSfeicd6EtoAo!"
dependencies = ["std"]

[[package]]
name = "simple-proxy"
source = "member"
dependencies = [
    "src14",
    "src5",
    "std",
    "upgradability",
]

[[package]]
name = "src14"
version = "0.8.0"
source = "registry+src14?0.8.0#QmQduNaJgjotgw2tz5KLv18PckFZP6zLH3Wzk7mqLfwgcu!"
dependencies = [
    "src5",
    "std",
]

[[package]]
name = "src20"
version = "0.8.0"
source = "registry+src20?0.8.0#QmSwYjybtdvSF3Ey9RncVUUaFaWsizSBNgAtY9JoyaAHvh!"
dependencies = ["std"]

[[package]]
name = "src3"
version = "0.8.0"
source = "registry+src3?0.8.0#QmWZt1NRQHid4p5cmFMG11n1tnRfNSgWGXUWDgojt9hjzs!"
dependencies = ["std"]

[[package]]
name = "src5"
version = "0.8.0"
source = "registry+src5?0.8.0#QmNRPZrPHFBiEAyWPU8gesdPsD2zb3cMKwEgxJwV1ZEjyD!"
dependencies = ["std"]

[[package]]
name = "std"
version = "0.69.1"
source = "registry+std?0.69.1#QmbPunScay4xpfHKpxQ71dFKXSiyJuPP8P8YhgX5Dkmzm9!"

[[package]]
name = "stork-mock"
source = "member"
dependencies = [
    "signed_int",
    "std",
    "stork_sway_sdk",
]

[[package]]
name = "stork_sway_sdk"
version = "0.0.4"
source = "registry+stork_sway_sdk?0.0.4#QmY8PmuK1DxJidEFv5tB4roBC3kBH6LitSpY5NqGgeFtz1!"
dependencies = [
    "signed_int",
    "std",
]

[[package]]
name = "test-target-contract"
source = "member"
dependencies = ["std"]

[[package]]
name = "testnet-token"
source = "member"
dependencies = [
    "src20",
    "std",
]

[[package]]
name = "upgradability"
version = "0.26.0"
source = "registry+upgradability?0.26.0#QmQBf8VPWtYKBM1t5udMovfbaq8j98mq35yLADqrZxsgjo!"
dependencies = [
    "src14",
    "src5",
    "std",
]

[[package]]
name = "vault"
source = "member"
dependencies = [
    "core_interfaces",
    "helpers",
    "ownership",
    "pausable",
    "reentrancy",
    "signed_int",
    "src20",
    "src3",
    "src5",
    "std",
]

[[package]]
name = "vault-expose"
source = "member"
dependencies = [
    "core_interfaces",
    "helpers",
    "ownership",
    "pausable",
    "reentrancy",
    "signed_int",
    "src20",
    "src3",
    "src5",
    "std",
]
